# This file was autogenerated by uv via the following command:
#    uv pip compile requirements-ci.txt --python 3.12 --output-file requirements-ci.lock
# idna is aligned with mcp-gateway/requirements.lock because CI installs both
# lock files into one environment.
certifi==2026.7.22
    # via requests
charset-normalizer==3.5.1
    # via requests
detect-secrets==1.5.0
    # via -r requirements-ci.txt
idna==3.18
    # via requests
pyyaml==6.0.3
    # via detect-secrets
requests==2.34.2
    # via detect-secrets
urllib3==2.7.0
    # via requests
